// !$*UTF8*$!
{
	archiveVersion = 1;
	classes = {
	};
	objectVersion = 56;
	objects = {

/* Begin PBXBuildFile section */
		7882DDAF2BA946120005A969 /* CurrencyFormatter.swift in Sources */ = {isa = PBXBuildFile; fileRef = 7882DDAE2BA946120005A969 /* CurrencyFormatter.swift */; };
		7882DDB12BA946490005A969 /* DecimalUtils.swift in Sources */ = {isa = PBXBuildFile; fileRef = 7882DDB02BA946490005A969 /* DecimalUtils.swift */; };
		EE7535C22B96F4D30047E7B0 /* AppDelegate.swift in Sources */ = {isa = PBXBuildFile; fileRef = EE7535C12B96F4D30047E7B0 /* AppDelegate.swift */; };
		EE7535C62B96F4D30047E7B0 /* LoginViewController.swift in Sources */ = {isa = PBXBuildFile; fileRef = EE7535C52B96F4D30047E7B0 /* LoginViewController.swift */; };
		EE7535CB2B96F4D40047E7B0 /* Assets.xcassets in Resources */ = {isa = PBXBuildFile; fileRef = EE7535CA2B96F4D40047E7B0 /* Assets.xcassets */; };
		EE7535CE2B96F4D40047E7B0 /* LaunchScreen.storyboard in Resources */ = {isa = PBXBuildFile; fileRef = EE7535CC2B96F4D40047E7B0 /* LaunchScreen.storyboard */; };
		EE7535D82B96F76E0047E7B0 /* LoginView.swift in Sources */ = {isa = PBXBuildFile; fileRef = EE7535D72B96F76E0047E7B0 /* LoginView.swift */; };
		EE7535DB2B982E9C0047E7B0 /* OnBoardingContainerViewController.swift in Sources */ = {isa = PBXBuildFile; fileRef = EE7535DA2B982E9C0047E7B0 /* OnBoardingContainerViewController.swift */; };
		EE7535DD2B98465F0047E7B0 /* OnBoardingViewController.swift in Sources */ = {isa = PBXBuildFile; fileRef = EE7535DC2B98465F0047E7B0 /* OnBoardingViewController.swift */; };
		EE7535DF2B99AA1F0047E7B0 /* DummyViewController.swift in Sources */ = {isa = PBXBuildFile; fileRef = EE7535DE2B99AA1F0047E7B0 /* DummyViewController.swift */; };
		EE7535E62B9AE8F40047E7B0 /* LocalState.swift in Sources */ = {isa = PBXBuildFile; fileRef = EE7535E52B9AE8F40047E7B0 /* LocalState.swift */; };
		EE7535EA2B9AFAF30047E7B0 /* UIViewController+Utils.swift in Sources */ = {isa = PBXBuildFile; fileRef = EE7535E92B9AFAF30047E7B0 /* UIViewController+Utils.swift */; };
		EE7535EC2B9AFE160047E7B0 /* MainViewController.swift in Sources */ = {isa = PBXBuildFile; fileRef = EE7535EB2B9AFE160047E7B0 /* MainViewController.swift */; };
		EEDBA08C2BA15419003EA265 /* AccountSummaryViewController.swift in Sources */ = {isa = PBXBuildFile; fileRef = EEDBA08B2BA15419003EA265 /* AccountSummaryViewController.swift */; };
		EEDBA08E2BA15F42003EA265 /* AccountSummaryHeaderView.swift in Sources */ = {isa = PBXBuildFile; fileRef = EEDBA08D2BA15F42003EA265 /* AccountSummaryHeaderView.swift */; };
		EEDBA0902BA15F97003EA265 /* AccountSummaryHeaderView.xib in Resources */ = {isa = PBXBuildFile; fileRef = EEDBA08F2BA15F97003EA265 /* AccountSummaryHeaderView.xib */; };
		EEEA13A82BA19848000AEC51 /* AccountSummaryCell.swift in Sources */ = {isa = PBXBuildFile; fileRef = EEEA13A72BA19848000AEC51 /* AccountSummaryCell.swift */; };
/* End PBXBuildFile section */

/* Begin PBXFileReference section */
		7882DDAE2BA946120005A969 /* CurrencyFormatter.swift */ = {isa = PBXFileReference; lastKnownFileType = sourcecode.swift; path = CurrencyFormatter.swift; sourceTree = "<group>"; };
		7882DDB02BA946490005A969 /* DecimalUtils.swift */ = {isa = PBXFileReference; lastKnownFileType = sourcecode.swift; path = DecimalUtils.swift; sourceTree = "<group>"; };
		EE7535BE2B96F4D30047E7B0 /* bankey.app */ = {isa = PBXFileReference; explicitFileType = wrapper.application; includeInIndex = 0; path = bankey.app; sourceTree = BUILT_PRODUCTS_DIR; };
		EE7535C12B96F4D30047E7B0 /* AppDelegate.swift */ = {isa = PBXFileReference; lastKnownFileType = sourcecode.swift; path = AppDelegate.swift; sourceTree = "<group>"; };
		EE7535C52B96F4D30047E7B0 /* LoginViewController.swift */ = {isa = PBXFileReference; lastKnownFileType = sourcecode.swift; path = LoginViewController.swift; sourceTree = "<group>"; };
		EE7535CA2B96F4D40047E7B0 /* Assets.xcassets */ = {isa = PBXFileReference; lastKnownFileType = folder.assetcatalog; path = Assets.xcassets; sourceTree = "<group>"; };
		EE7535CD2B96F4D40047E7B0 /* Base */ = {isa = PBXFileReference; lastKnownFileType = file.storyboard; name = Base; path = Base.lproj/LaunchScreen.storyboard; sourceTree = "<group>"; };
		EE7535CF2B96F4D40047E7B0 /* Info.plist */ = {isa = PBXFileReference; lastKnownFileType = text.plist.xml; path = Info.plist; sourceTree = "<group>"; };
		EE7535D72B96F76E0047E7B0 /* LoginView.swift */ = {isa = PBXFileReference; lastKnownFileType = sourcecode.swift; path = LoginView.swift; sourceTree = "<group>"; };
		EE7535DA2B982E9C0047E7B0 /* OnBoardingContainerViewController.swift */ = {isa = PBXFileReference; lastKnownFileType = sourcecode.swift; path = OnBoardingContainerViewController.swift; sourceTree = "<group>"; };
		EE7535DC2B98465F0047E7B0 /* OnBoardingViewController.swift */ = {isa = PBXFileReference; lastKnownFileType = sourcecode.swift; path = OnBoardingViewController.swift; sourceTree = "<group>"; };
		EE7535DE2B99AA1F0047E7B0 /* DummyViewController.swift */ = {isa = PBXFileReference; lastKnownFileType = sourcecode.swift; path = DummyViewController.swift; sourceTree = "<group>"; };
		EE7535E52B9AE8F40047E7B0 /* LocalState.swift */ = {isa = PBXFileReference; lastKnownFileType = sourcecode.swift; path = LocalState.swift; sourceTree = "<group>"; };
		EE7535E92B9AFAF30047E7B0 /* UIViewController+Utils.swift */ = {isa = PBXFileReference; lastKnownFileType = sourcecode.swift; path = "UIViewController+Utils.swift"; sourceTree = "<group>"; };
		EE7535EB2B9AFE160047E7B0 /* MainViewController.swift */ = {isa = PBXFileReference; lastKnownFileType = sourcecode.swift; path = MainViewController.swift; sourceTree = "<group>"; };
		EEDBA08B2BA15419003EA265 /* AccountSummaryViewController.swift */ = {isa = PBXFileReference; lastKnownFileType = sourcecode.swift; path = AccountSummaryViewController.swift; sourceTree = "<group>"; };
		EEDBA08D2BA15F42003EA265 /* AccountSummaryHeaderView.swift */ = {isa = PBXFileReference; lastKnownFileType = sourcecode.swift; path = AccountSummaryHeaderView.swift; sourceTree = "<group>"; };
		EEDBA08F2BA15F97003EA265 /* AccountSummaryHeaderView.xib */ = {isa = PBXFileReference; lastKnownFileType = file.xib; path = AccountSummaryHeaderView.xib; sourceTree = "<group>"; };
		EEEA13A72BA19848000AEC51 /* AccountSummaryCell.swift */ = {isa = PBXFileReference; lastKnownFileType = sourcecode.swift; path = AccountSummaryCell.swift; sourceTree = "<group>"; };
/* End PBXFileReference section */

/* Begin PBXFrameworksBuildPhase section */
		EE7535BB2B96F4D30047E7B0 /* Frameworks */ = {
			isa = PBXFrameworksBuildPhase;
			buildActionMask = 2147483647;
			files = (
			);
			runOnlyForDeploymentPostprocessing = 0;
		};
/* End PBXFrameworksBuildPhase section */

/* Begin PBXGroup section */
		EE7535B52B96F4D30047E7B0 = {
			isa = PBXGroup;
			children = (
				EE7535C02B96F4D30047E7B0 /* bankey */,
				EE7535BF2B96F4D30047E7B0 /* Products */,
			);
			sourceTree = "<group>";
		};
		EE7535BF2B96F4D30047E7B0 /* Products */ = {
			isa = PBXGroup;
			children = (
				EE7535BE2B96F4D30047E7B0 /* bankey.app */,
			);
			name = Products;
			sourceTree = "<group>";
		};
		EE7535C02B96F4D30047E7B0 /* bankey */ = {
			isa = PBXGroup;
			children = (
				EE7535EB2B9AFE160047E7B0 /* MainViewController.swift */,
				EE7535C12B96F4D30047E7B0 /* AppDelegate.swift */,
				EE7535E42B9AE8EA0047E7B0 /* Utils */,
				EE7535D92B982E790047E7B0 /* OnBoarding */,
				EE7535D62B96F71D0047E7B0 /* Login */,
				EEDBA08A2BA153F3003EA265 /* AccountSummary */,
				EE7535CA2B96F4D40047E7B0 /* Assets.xcassets */,
				EE7535CC2B96F4D40047E7B0 /* LaunchScreen.storyboard */,
				EE7535CF2B96F4D40047E7B0 /* Info.plist */,
			);
			path = bankey;
			sourceTree = "<group>";
		};
		EE7535D62B96F71D0047E7B0 /* Login */ = {
			isa = PBXGroup;
			children = (
				EE7535C52B96F4D30047E7B0 /* LoginViewController.swift */,
				EE7535D72B96F76E0047E7B0 /* LoginView.swift */,
				EE7535DE2B99AA1F0047E7B0 /* DummyViewController.swift */,
			);
			path = Login;
			sourceTree = "<group>";
		};
		EE7535D92B982E790047E7B0 /* OnBoarding */ = {
			isa = PBXGroup;
			children = (
				EE7535DA2B982E9C0047E7B0 /* OnBoardingContainerViewController.swift */,
				EE7535DC2B98465F0047E7B0 /* OnBoardingViewController.swift */,
			);
			path = OnBoarding;
			sourceTree = "<group>";
		};
		EE7535E42B9AE8EA0047E7B0 /* Utils */ = {
			isa = PBXGroup;
			children = (
				EE7535E52B9AE8F40047E7B0 /* LocalState.swift */,
				EE7535E92B9AFAF30047E7B0 /* UIViewController+Utils.swift */,
				7882DDAE2BA946120005A969 /* CurrencyFormatter.swift */,
				7882DDB02BA946490005A969 /* DecimalUtils.swift */,
			);
			path = Utils;
			sourceTree = "<group>";
		};
		EEDBA08A2BA153F3003EA265 /* AccountSummary */ = {
			isa = PBXGroup;
			children = (
				EEDBA08B2BA15419003EA265 /* AccountSummaryViewController.swift */,
				EEEA13A52BA1980C000AEC51 /* Header */,
				EEEA13A62BA19823000AEC51 /* Cells */,
			);
			path = AccountSummary;
			sourceTree = "<group>";
		};
		EEEA13A52BA1980C000AEC51 /* Header */ = {
			isa = PBXGroup;
			children = (
				EEDBA08D2BA15F42003EA265 /* AccountSummaryHeaderView.swift */,
				EEDBA08F2BA15F97003EA265 /* AccountSummaryHeaderView.xib */,
			);
			path = Header;
			sourceTree = "<group>";
		};
		EEEA13A62BA19823000AEC51 /* Cells */ = {
			isa = PBXGroup;
			children = (
				EEEA13A72BA19848000AEC51 /* AccountSummaryCell.swift */,
			);
			path = Cells;
			sourceTree = "<group>";
		};
/* End PBXGroup section */

/* Begin PBXNativeTarget section */
		EE7535BD2B96F4D30047E7B0 /* bankey */ = {
			isa = PBXNativeTarget;
			buildConfigurationList = EE7535D22B96F4D40047E7B0 /* Build configuration list for PBXNativeTarget "bankey" */;
			buildPhases = (
				EE7535BA2B96F4D30047E7B0 /* Sources */,
				EE7535BB2B96F4D30047E7B0 /* Frameworks */,
				EE7535BC2B96F4D30047E7B0 /* Resources */,
			);
			buildRules = (
			);
			dependencies = (
			);
			name = bankey;
			productName = bankey;
			productReference = EE7535BE2B96F4D30047E7B0 /* bankey.app */;
			productType = "com.apple.product-type.application";
		};
/* End PBXNativeTarget section */

/* Begin PBXProject section */
		EE7535B62B96F4D30047E7B0 /* Project object */ = {
			isa = PBXProject;
			attributes = {
				BuildIndependentTargetsInParallel = 1;
				LastSwiftUpdateCheck = 1500;
				LastUpgradeCheck = 1500;
				TargetAttributes = {
					EE7535BD2B96F4D30047E7B0 = {
						CreatedOnToolsVersion = 15.0.1;
					};
				};
			};
			buildConfigurationList = EE7535B92B96F4D30047E7B0 /* Build configuration list for PBXProject "bankey" */;
			compatibilityVersion = "Xcode 14.0";
			developmentRegion = en;
			hasScannedForEncodings = 0;
			knownRegions = (
				en,
				Base,
			);
			mainGroup = EE7535B52B96F4D30047E7B0;
			productRefGroup = EE7535BF2B96F4D30047E7B0 /* Products */;
			projectDirPath = "";
			projectRoot = "";
			targets = (
				EE7535BD2B96F4D30047E7B0 /* bankey */,
			);
		};
/* End PBXProject section */

/* Begin PBXResourcesBuildPhase section */
		EE7535BC2B96F4D30047E7B0 /* Resources */ = {
			isa = PBXResourcesBuildPhase;
			buildActionMask = 2147483647;
			files = (
				EEDBA0902BA15F97003EA265 /* AccountSummaryHeaderView.xib in Resources */,
				EE7535CE2B96F4D40047E7B0 /* LaunchScreen.storyboard in Resources */,
				EE7535CB2B96F4D40047E7B0 /* Assets.xcassets in Resources */,
			);
			runOnlyForDeploymentPostprocessing = 0;
		};
/* End PBXResourcesBuildPhase section */

/* Begin PBXSourcesBuildPhase section */
		EE7535BA2B96F4D30047E7B0 /* Sources */ = {
			isa = PBXSourcesBuildPhase;
			buildActionMask = 2147483647;
			files = (
				EE7535EA2B9AFAF30047E7B0 /* UIViewController+Utils.swift in Sources */,
				EE7535D82B96F76E0047E7B0 /* LoginView.swift in Sources */,
				EE7535E62B9AE8F40047E7B0 /* LocalState.swift in Sources */,
				EEDBA08E2BA15F42003EA265 /* AccountSummaryHeaderView.swift in Sources */,
				EE7535DF2B99AA1F0047E7B0 /* DummyViewController.swift in Sources */,
				EE7535C62B96F4D30047E7B0 /* LoginViewController.swift in Sources */,
				7882DDAF2BA946120005A969 /* CurrencyFormatter.swift in Sources */,
				7882DDB12BA946490005A969 /* DecimalUtils.swift in Sources */,
				EEEA13A82BA19848000AEC51 /* AccountSummaryCell.swift in Sources */,
				EE7535C22B96F4D30047E7B0 /* AppDelegate.swift in Sources */,
				EE7535EC2B9AFE160047E7B0 /* MainViewController.swift in Sources */,
				EEDBA08C2BA15419003EA265 /* AccountSummaryViewController.swift in Sources */,
				EE7535DB2B982E9C0047E7B0 /* OnBoardingContainerViewController.swift in Sources */,
				EE7535DD2B98465F0047E7B0 /* OnBoardingViewController.swift in Sources */,
			);
			runOnlyForDeploymentPostprocessing = 0;
		};
/* End PBXSourcesBuildPhase section */

/* Begin PBXVariantGroup section */
		EE7535CC2B96F4D40047E7B0 /* LaunchScreen.storyboard */ = {
			isa = PBXVariantGroup;
			children = (
				EE7535CD2B96F4D40047E7B0 /* Base */,
			);
			name = LaunchScreen.storyboard;
			sourceTree = "<group>";
		};
/* End PBXVariantGroup section */

/* Begin XCBuildConfiguration section */
		EE7535D02B96F4D40047E7B0 /* Debug */ = {
			isa = XCBuildConfiguration;
			buildSettings = {
				ALWAYS_SEARCH_USER_PATHS = NO;
				ASSETCATALOG_COMPILER_GENERATE_SWIFT_ASSET_SYMBOL_EXTENSIONS = YES;
				CLANG_ANALYZER_NONNULL = YES;
				CLANG_ANALYZER_NUMBER_OBJECT_CONVERSION = YES_AGGRESSIVE;
				CLANG_CXX_LANGUAGE_STANDARD = "gnu++20";
				CLANG_ENABLE_MODULES = YES;
				CLANG_ENABLE_OBJC_ARC = YES;
				CLANG_ENABLE_OBJC_WEAK = YES;
				CLANG_WARN_BLOCK_CAPTURE_AUTORELEASING = YES;
				CLANG_WARN_BOOL_CONVERSION = YES;
				CLANG_WARN_COMMA = YES;
				CLANG_WARN_CONSTANT_CONVERSION = YES;
				CLANG_WARN_DEPRECATED_OBJC_IMPLEMENTATIONS = YES;
				CLANG_WARN_DIRECT_OBJC_ISA_USAGE = YES_ERROR;
				CLANG_WARN_DOCUMENTATION_COMMENTS = YES;
				CLANG_WARN_EMPTY_BODY = YES;
				CLANG_WARN_ENUM_CONVERSION = YES;
				CLANG_WARN_INFINITE_RECURSION = YES;
				CLANG_WARN_INT_CONVERSION = YES;
				CLANG_WARN_NON_LITERAL_NULL_CONVERSION = YES;
				CLANG_WARN_OBJC_IMPLICIT_RETAIN_SELF = YES;
				CLANG_WARN_OBJC_LITERAL_CONVERSION = YES;
				CLANG_WARN_OBJC_ROOT_CLASS = YES_ERROR;
				CLANG_WARN_QUOTED_INCLUDE_IN_FRAMEWORK_HEADER = YES;
				CLANG_WARN_RANGE_LOOP_ANALYSIS = YES;
				CLANG_WARN_STRICT_PROTOTYPES = YES;
				CLANG_WARN_SUSPICIOUS_MOVE = YES;
				CLANG_WARN_UNGUARDED_AVAILABILITY = YES_AGGRESSIVE;
				CLANG_WARN_UNREACHABLE_CODE = YES;
				CLANG_WARN__DUPLICATE_METHOD_MATCH = YES;
				COPY_PHASE_STRIP = NO;
				DEBUG_INFORMATION_FORMAT = dwarf;
				ENABLE_STRICT_OBJC_MSGSEND = YES;
				ENABLE_TESTABILITY = YES;
				ENABLE_USER_SCRIPT_SANDBOXING = YES;
				GCC_C_LANGUAGE_STANDARD = gnu17;
				GCC_DYNAMIC_NO_PIC = NO;
				GCC_NO_COMMON_BLOCKS = YES;
				GCC_OPTIMIZATION_LEVEL = 0;
				GCC_PREPROCESSOR_DEFINITIONS = (
					"DEBUG=1",
					"$(inherited)",
				);
				GCC_WARN_64_TO_32_BIT_CONVERSION = YES;
				GCC_WARN_ABOUT_RETURN_TYPE = YES_ERROR;
				GCC_WARN_UNDECLARED_SELECTOR = YES;
				GCC_WARN_UNINITIALIZED_AUTOS = YES_AGGRESSIVE;
				GCC_WARN_UNUSED_FUNCTION = YES;
				GCC_WARN_UNUSED_VARIABLE = YES;
				IPHONEOS_DEPLOYMENT_TARGET = 17.0;
				LOCALIZATION_PREFERS_STRING_CATALOGS = YES;
				MTL_ENABLE_DEBUG_INFO = INCLUDE_SOURCE;
				MTL_FAST_MATH = YES;
				ONLY_ACTIVE_ARCH = YES;
				SDKROOT = iphoneos;
				SWIFT_ACTIVE_COMPILATION_CONDITIONS = "DEBUG $(inherited)";
				SWIFT_OPTIMIZATION_LEVEL = "-Onone";
			};
			name = Debug;
		};
		EE7535D12B96F4D40047E7B0 /* Release */ = {
			isa = XCBuildConfiguration;
			buildSettings = {
				ALWAYS_SEARCH_USER_PATHS = NO;
				ASSETCATALOG_COMPILER_GENERATE_SWIFT_ASSET_SYMBOL_EXTENSIONS = YES;
				CLANG_ANALYZER_NONNULL = YES;
				CLANG_ANALYZER_NUMBER_OBJECT_CONVERSION = YES_AGGRESSIVE;
				CLANG_CXX_LANGUAGE_STANDARD = "gnu++20";
				CLANG_ENABLE_MODULES = YES;
				CLANG_ENABLE_OBJC_ARC = YES;
				CLANG_ENABLE_OBJC_WEAK = YES;
				CLANG_WARN_BLOCK_CAPTURE_AUTORELEASING = YES;
				CLANG_WARN_BOOL_CONVERSION = YES;
				CLANG_WARN_COMMA = YES;
				CLANG_WARN_CONSTANT_CONVERSION = YES;
				CLANG_WARN_DEPRECATED_OBJC_IMPLEMENTATIONS = YES;
				CLANG_WARN_DIRECT_OBJC_ISA_USAGE = YES_ERROR;
				CLANG_WARN_DOCUMENTATION_COMMENTS = YES;
				CLANG_WARN_EMPTY_BODY = YES;
				CLANG_WARN_ENUM_CONVERSION = YES;
				CLANG_WARN_INFINITE_RECURSION = YES;
				CLANG_WARN_INT_CONVERSION = YES;
				CLANG_WARN_NON_LITERAL_NULL_CONVERSION = YES;
				CLANG_WARN_OBJC_IMPLICIT_RETAIN_SELF = YES;
				CLANG_WARN_OBJC_LITERAL_CONVERSION = YES;
				CLANG_WARN_OBJC_ROOT_CLASS = YES_ERROR;
				CLANG_WARN_QUOTED_INCLUDE_IN_FRAMEWORK_HEADER = YES;
				CLANG_WARN_RANGE_LOOP_ANALYSIS = YES;
				CLANG_WARN_STRICT_PROTOTYPES = YES;
				CLANG_WARN_SUSPICIOUS_MOVE = YES;
				CLANG_WARN_UNGUARDED_AVAILABILITY = YES_AGGRESSIVE;
				CLANG_WARN_UNREACHABLE_CODE = YES;
				CLANG_WARN__DUPLICATE_METHOD_MATCH = YES;
				COPY_PHASE_STRIP = NO;
				DEBUG_INFORMATION_FORMAT = "dwarf-with-dsym";
				ENABLE_NS_ASSERTIONS = NO;
				ENABLE_STRICT_OBJC_MSGSEND = YES;
				ENABLE_USER_SCRIPT_SANDBOXING = YES;
				GCC_C_LANGUAGE_STANDARD = gnu17;
				GCC_NO_COMMON_BLOCKS = YES;
				GCC_WARN_64_TO_32_BIT_CONVERSION = YES;
				GCC_WARN_ABOUT_RETURN_TYPE = YES_ERROR;
				GCC_WARN_UNDECLARED_SELECTOR = YES;
				GCC_WARN_UNINITIALIZED_AUTOS = YES_AGGRESSIVE;
				GCC_WARN_UNUSED_FUNCTION = YES;
				GCC_WARN_UNUSED_VARIABLE = YES;
				IPHONEOS_DEPLOYMENT_TARGET = 17.0;
				LOCALIZATION_PREFERS_STRING_CATALOGS = YES;
				MTL_ENABLE_DEBUG_INFO = NO;
				MTL_FAST_MATH = YES;
				SDKROOT = iphoneos;
				SWIFT_COMPILATION_MODE = wholemodule;
				VALIDATE_PRODUCT = YES;
			};
			name = Release;
		};
		EE7535D32B96F4D40047E7B0 /* Debug */ = {
			isa = XCBuildConfiguration;
			buildSettings = {
				ASSETCATALOG_COMPILER_APPICON_NAME = AppIcon;
				ASSETCATALOG_COMPILER_GLOBAL_ACCENT_COLOR_NAME = AccentColor;
				CODE_SIGN_STYLE = Automatic;
				CURRENT_PROJECT_VERSION = 1;
				DEVELOPMENT_TEAM = 3P8PQZ7GZK;
				GENERATE_INFOPLIST_FILE = YES;
				INFOPLIST_FILE = bankey/Info.plist;
				INFOPLIST_KEY_UIApplicationSupportsIndirectInputEvents = YES;
				INFOPLIST_KEY_UILaunchStoryboardName = LaunchScreen;
				INFOPLIST_KEY_UISupportedInterfaceOrientations_iPad = "UIInterfaceOrientationPortrait UIInterfaceOrientationPortraitUpsideDown UIInterfaceOrientationLandscapeLeft UIInterfaceOrientationLandscapeRight";
				INFOPLIST_KEY_UISupportedInterfaceOrientations_iPhone = "UIInterfaceOrientationPortrait UIInterfaceOrientationLandscapeLeft UIInterfaceOrientationLandscapeRight";
				LD_RUNPATH_SEARCH_PATHS = (
					"$(inherited)",
					"@executable_path/Frameworks",
				);
				MARKETING_VERSION = 1.0;
				PRODUCT_BUNDLE_IDENTIFIER = com.ada.bankey;
				PRODUCT_NAME = "$(TARGET_NAME)";
				SWIFT_EMIT_LOC_STRINGS = YES;
				SWIFT_VERSION = 5.0;
				TARGETED_DEVICE_FAMILY = "1,2";
			};
			name = Debug;
		};
		EE7535D42B96F4D40047E7B0 /* Release */ = {
			isa = XCBuildConfiguration;
			buildSettings = {
				ASSETCATALOG_COMPILER_APPICON_NAME = AppIcon;
				ASSETCATALOG_COMPILER_GLOBAL_ACCENT_COLOR_NAME = AccentColor;
				CODE_SIGN_STYLE = Automatic;
				CURRENT_PROJECT_VERSION = 1;
				DEVELOPMENT_TEAM = 3P8PQZ7GZK;
				GENERATE_INFOPLIST_FILE = YES;
				INFOPLIST_FILE = bankey/Info.plist;
				INFOPLIST_KEY_UIApplicationSupportsIndirectInputEvents = YES;
				INFOPLIST_KEY_UILaunchStoryboardName = LaunchScreen;
				INFOPLIST_KEY_UISupportedInterfaceOrientations_iPad = "UIInterfaceOrientationPortrait UIInterfaceOrientationPortraitUpsideDown UIInterfaceOrientationLandscapeLeft UIInterfaceOrientationLandscapeRight";
				INFOPLIST_KEY_UISupportedInterfaceOrientations_iPhone = "UIInterfaceOrientationPortrait UIInterfaceOrientationLandscapeLeft UIInterfaceOrientationLandscapeRight";
				LD_RUNPATH_SEARCH_PATHS = (
					"$(inherited)",
					"@executable_path/Frameworks",
				);
				MARKETING_VERSION = 1.0;
				PRODUCT_BUNDLE_IDENTIFIER = com.ada.bankey;
				PRODUCT_NAME = "$(TARGET_NAME)";
				SWIFT_EMIT_LOC_STRINGS = YES;
				SWIFT_VERSION = 5.0;
				TARGETED_DEVICE_FAMILY = "1,2";
			};
			name = Release;
		};
/* End XCBuildConfiguration section */

/* Begin XCConfigurationList section */
		EE7535B92B96F4D30047E7B0 /* Build configuration list for PBXProject "bankey" */ = {
			isa = XCConfigurationList;
			buildConfigurations = (
				EE7535D02B96F4D40047E7B0 /* Debug */,
				EE7535D12B96F4D40047E7B0 /* Release */,
			);
			defaultConfigurationIsVisible = 0;
			defaultConfigurationName = Release;
		};
		EE7535D22B96F4D40047E7B0 /* Build configuration list for PBXNativeTarget "bankey" */ = {
			isa = XCConfigurationList;
			buildConfigurations = (
				EE7535D32B96F4D40047E7B0 /* Debug */,
				EE7535D42B96F4D40047E7B0 /* Release */,
			);
			defaultConfigurationIsVisible = 0;
			defaultConfigurationName = Release;
		};
/* End XCConfigurationList section */
	};
	rootObject = EE7535B62B96F4D30047E7B0 /* Project object */;
}
